# THIS IS AN AUTOGENERATED FILE. DO NOT EDIT THIS FILE DIRECTLY.
# yarn lockfile v1


"@angular/animations@^8.0.0":
  version "8.0.0"
  resolved "https://registry.yarnpkg.com/@angular/animations/-/animations-8.0.0.tgz#6286094babdb3879f7aefcd73aa31772469e50b4"
  integrity sha512-hggSRi83rmocLwzrKZtmFcqPdivKSJqp2yiYaiNmJ2yQWJ1JW/Lurypv9H347RWxmwCCwC2kV8embTGbOXIFDQ==
  dependencies:
    tslib "^1.9.0"

"@angular/cdk@^8.0.1":
  version "8.0.1"
  resolved "https://registry.yarnpkg.com/@angular/cdk/-/cdk-8.0.1.tgz#106872aa7fac0c55144ed5dd60df9af7e24b436a"
  integrity sha512-Ul7rVU/rr4qGHs1w24P/6MHEosYp8AHRxBHrp/yJ50eHbHVS31FyfO8gKfNqPc1bnL1YoYYCs0hIBwNDaz8uDg==
  dependencies:
    tslib "^1.7.1"
  optionalDependencies:
    parse5 "^5.0.0"

"@angular/material@^8.0.1":
  version "8.0.1"
  resolved "https://registry.yarnpkg.com/@angular/material/-/material-8.0.1.tgz#cbb3f7776d2405a1d75b6e7eb6675fd80a8a5cf5"
  integrity sha512-BozIS+9yiqFTfXBoZfhFUibY8meDUcv/e+CxhSHyv3vZw9XVTNTbiaX7tX/FX0Ai+1VKnwRTGrKvPKGFSqynCA==
  dependencies:
    tslib "^1.7.1"

parse5@^5.0.0:
  version "5.1.0"
  resolved "https://registry.yarnpkg.com/parse5/-/parse5-5.1.0.tgz#c59341c9723f414c452975564c7c00a68d58acd2"
  integrity sha512-fxNG2sQjHvlVAYmzBZS9YlDp6PTSSDwa98vkD4QgVDDCAo84z5X1t5XyJQ62ImdLXx5NdIIfihey6xpum9/gRQ==

tslib@^1.7.1, tslib@^1.9.0:
  version "1.10.0"
  resolved "https://registry.yarnpkg.com/tslib/-/tslib-1.10.0.tgz#c3c19f95973fb0a62973fb09d90d961ee43e5c8a"
  integrity sha512-qOebF53frne81cf0S9B41ByenJ3/IuH8yJKngAX35CmiZySA0khhkovshKK+jGCaMnVomla7gVlIcc3EvKPbTQ==
