# THIS IS AN AUTOGENERATED FILE. DO NOT EDIT THIS FILE DIRECTLY.
# yarn lockfile v1


ngx-auth@^5.0.0:
  version "5.0.0"
  resolved "https://registry.yarnpkg.com/ngx-auth/-/ngx-auth-5.0.0.tgz#557dd9baac79972e93a5262ef318889ea60552c6"
  integrity sha512-bwCA2S3AELsOucmpcO+ZiLrf0MnOQrO7sC1Shizil4NAZpN8huleYx+hqBvbdkQOc9EZ5OvwCV1FoCJS6s4iPQ==
  dependencies:
    tslib "^1.9.0"

tslib@^1.9.0:
  version "1.10.0"
  resolved "https://registry.yarnpkg.com/tslib/-/tslib-1.10.0.tgz#c3c19f95973fb0a62973fb09d90d961ee43e5c8a"
  integrity sha512-qOebF53frne81cf0S9B41ByenJ3/IuH8yJKngAX35CmiZySA0khhkovshKK+jGCaMnVomla7gVlIcc3EvKPbTQ==
